
Microsoft Visual Studio Solution File, Format Version 12.00
# Visual Studio 15
VisualStudioVersion = 15.0.26124.0
MinimumVisualStudioVersion = 15.0.26124.0
Project("{2150E333-8FDC-42A3-9474-1A3956D46DE8}") = "src", "src", "{CEFC33D3-59B7-4E2D-A2D8-BC4FB82C9C0B}"
EndProject
Project("{F2A71F9B-5D33-465A-A702-920D77279786}") = "crazyeights", "src\crazyeights\crazyeights.fsproj", "{9411DB47-2C75-42CA-8852-87595B1F79C4}"
EndProject
Project("{F2A71F9B-5D33-465A-A702-920D77279786}") = "crazyeights.tests", "src\crazyeights.tests\crazyeights.tests.fsproj", "{4F7FBE01-00D9-4B40-A164-35EAE503B0CE}"
EndProject
Global
	GlobalSection(SolutionConfigurationPlatforms) = preSolution
		Debug|Any CPU = Debug|Any CPU
		Debug|x64 = Debug|x64
		Debug|x86 = Debug|x86
		Release|Any CPU = Release|Any CPU
		Release|x64 = Release|x64
		Release|x86 = Release|x86
	EndGlobalSection
	GlobalSection(SolutionProperties) = preSolution
		HideSolutionNode = FALSE
	EndGlobalSection
	GlobalSection(ProjectConfigurationPlatforms) = postSolution
		{9411DB47-2C75-42CA-8852-87595B1F79C4}.Debug|Any CPU.ActiveCfg = Debug|Any CPU
		{9411DB47-2C75-42CA-8852-87595B1F79C4}.Debug|Any CPU.Build.0 = Debug|Any CPU
		{9411DB47-2C75-42CA-8852-87595B1F79C4}.Debug|x64.ActiveCfg = Debug|Any CPU
		{9411DB47-2C75-42CA-8852-87595B1F79C4}.Debug|x64.Build.0 = Debug|Any CPU
		{9411DB47-2C75-42CA-8852-87595B1F79C4}.Debug|x86.ActiveCfg = Debug|Any CPU
		{9411DB47-2C75-42CA-8852-87595B1F79C4}.Debug|x86.Build.0 = Debug|Any CPU
		{9411DB47-2C75-42CA-8852-87595B1F79C4}.Release|Any CPU.ActiveCfg = Release|Any CPU
		{9411DB47-2C75-42CA-8852-87595B1F79C4}.Release|Any CPU.Build.0 = Release|Any CPU
		{9411DB47-2C75-42CA-8852-87595B1F79C4}.Release|x64.ActiveCfg = Release|Any CPU
		{9411DB47-2C75-42CA-8852-87595B1F79C4}.Release|x64.Build.0 = Release|Any CPU
		{9411DB47-2C75-42CA-8852-87595B1F79C4}.Release|x86.ActiveCfg = Release|Any CPU
		{9411DB47-2C75-42CA-8852-87595B1F79C4}.Release|x86.Build.0 = Release|Any CPU
		{4F7FBE01-00D9-4B40-A164-35EAE503B0CE}.Debug|Any CPU.ActiveCfg = Debug|Any CPU
		{4F7FBE01-00D9-4B40-A164-35EAE503B0CE}.Debug|Any CPU.Build.0 = Debug|Any CPU
		{4F7FBE01-00D9-4B40-A164-35EAE503B0CE}.Debug|x64.ActiveCfg = Debug|Any CPU
		{4F7FBE01-00D9-4B40-A164-35EAE503B0CE}.Debug|x64.Build.0 = Debug|Any CPU
		{4F7FBE01-00D9-4B40-A164-35EAE503B0CE}.Debug|x86.ActiveCfg = Debug|Any CPU
		{4F7FBE01-00D9-4B40-A164-35EAE503B0CE}.Debug|x86.Build.0 = Debug|Any CPU
		{4F7FBE01-00D9-4B40-A164-35EAE503B0CE}.Release|Any CPU.ActiveCfg = Release|Any CPU
		{4F7FBE01-00D9-4B40-A164-35EAE503B0CE}.Release|Any CPU.Build.0 = Release|Any CPU
		{4F7FBE01-00D9-4B40-A164-35EAE503B0CE}.Release|x64.ActiveCfg = Release|Any CPU
		{4F7FBE01-00D9-4B40-A164-35EAE503B0CE}.Release|x64.Build.0 = Release|Any CPU
		{4F7FBE01-00D9-4B40-A164-35EAE503B0CE}.Release|x86.ActiveCfg = Release|Any CPU
		{4F7FBE01-00D9-4B40-A164-35EAE503B0CE}.Release|x86.Build.0 = Release|Any CPU
	EndGlobalSection
	GlobalSection(NestedProjects) = preSolution
		{9411DB47-2C75-42CA-8852-87595B1F79C4} = {CEFC33D3-59B7-4E2D-A2D8-BC4FB82C9C0B}
		{4F7FBE01-00D9-4B40-A164-35EAE503B0CE} = {CEFC33D3-59B7-4E2D-A2D8-BC4FB82C9C0B}
	EndGlobalSection
EndGlobal
